
Microsoft Visual Studio Solution File, Format Version 12.00
# Visual Studio Version 17
VisualStudioVersion = 17.8.34330.188
MinimumVisualStudioVersion = 10.0.40219.1
Project("{FAE04EC0-301F-11D3-BF4B-00C04F79EFBC}") = "MVC_DB_Mit_Bild", "MVC_DB_Mit_Bild\MVC_DB_Mit_Bild.csproj", "{A7DCD498-6DC8-4A14-A8EA-F88DA4A87E00}"
EndProject
Global
	GlobalSection(SolutionConfigurationPlatforms) = preSolution
		Debug|Any CPU = Debug|Any CPU
		Release|Any CPU = Release|Any CPU
	EndGlobalSection
	GlobalSection(ProjectConfigurationPlatforms) = postSolution
		{A7DCD498-6DC8-4A14-A8EA-F88DA4A87E00}.Debug|Any CPU.ActiveCfg = Debug|Any CPU
		{A7DCD498-6DC8-4A14-A8EA-F88DA4A87E00}.Debug|Any CPU.Build.0 = Debug|Any CPU
		{A7DCD498-6DC8-4A14-A8EA-F88DA4A87E00}.Release|Any CPU.ActiveCfg = Release|Any CPU
		{A7DCD498-6DC8-4A14-A8EA-F88DA4A87E00}.Release|Any CPU.Build.0 = Release|Any CPU
	EndGlobalSection
	GlobalSection(SolutionProperties) = preSolution
		HideSolutionNode = FALSE
	EndGlobalSection
	GlobalSection(ExtensibilityGlobals) = postSolution
		SolutionGuid = {94222FB9-6EA6-4A1B-A2E8-432525513174}
	EndGlobalSection
EndGlobal
